
Microsoft Visual Studio Solution File, Format Version 12.00
# Visual Studio 15
VisualStudioVersion = 15.0.28307.1022
MinimumVisualStudioVersion = 10.0.40219.1
Project("{FAE04EC0-301F-11D3-BF4B-00C04F79EFBC}") = "Vidly", "Vidly\Vidly.csproj", "{00A30F85-1567-426C-902E-7170768E0BE3}"
EndProject
Global
	GlobalSection(SolutionConfigurationPlatforms) = preSolution
		Debug|Any CPU = Debug|Any CPU
		Release|Any CPU = Release|Any CPU
	EndGlobalSection
	GlobalSection(ProjectConfigurationPlatforms) = postSolution
		{00A30F85-1567-426C-902E-7170768E0BE3}.Debug|Any CPU.ActiveCfg = Debug|Any CPU
		{00A30F85-1567-426C-902E-7170768E0BE3}.Debug|Any CPU.Build.0 = Debug|Any CPU
		{00A30F85-1567-426C-902E-7170768E0BE3}.Release|Any CPU.ActiveCfg = Release|Any CPU
		{00A30F85-1567-426C-902E-7170768E0BE3}.Release|Any CPU.Build.0 = Release|Any CPU
	EndGlobalSection
	GlobalSection(SolutionProperties) = preSolution
		HideSolutionNode = FALSE
	EndGlobalSection
	GlobalSection(ExtensibilityGlobals) = postSolution
		SolutionGuid = {41E0AF52-B734-4075-89A5-B895A5CC74A1}
	EndGlobalSection
EndGlobal
